// !$*UTF8*$!
{
	archiveVersion = 1;
	classes = {
	};
	objectVersion = 56;
	objects = {

/* Begin PBXBuildFile section */
		9334BA1F290CFB2200ED5951 /* ExchangeApp.swift in Sources */ = {isa = PBXBuildFile; fileRef = 9334BA1E290CFB2200ED5951 /* ExchangeApp.swift */; };
		9334BA21290CFB2200ED5951 /* ContentView.swift in Sources */ = {isa = PBXBuildFile; fileRef = 9334BA20290CFB2200ED5951 /* ContentView.swift */; };
		9334BA23290CFB2300ED5951 /* Assets.xcassets in Resources */ = {isa = PBXBuildFile; fileRef = 9334BA22290CFB2300ED5951 /* Assets.xcassets */; };
		9334BA26290CFB2300ED5951 /* Preview Assets.xcassets in Resources */ = {isa = PBXBuildFile; fileRef = 9334BA25290CFB2300ED5951 /* Preview Assets.xcassets */; };
		9334BA30290CFB2300ED5951 /* ExchangeTests.swift in Sources */ = {isa = PBXBuildFile; fileRef = 9334BA2F290CFB2300ED5951 /* ExchangeTests.swift */; };
		9334BA3A290CFB2300ED5951 /* ExchangeUITests.swift in Sources */ = {isa = PBXBuildFile; fileRef = 9334BA39290CFB2300ED5951 /* ExchangeUITests.swift */; };
		9334BA3C290CFB2300ED5951 /* ExchangeUITestsLaunchTests.swift in Sources */ = {isa = PBXBuildFile; fileRef = 9334BA3B290CFB2300ED5951 /* ExchangeUITestsLaunchTests.swift */; };
/* End PBXBuildFile section */

/* Begin PBXContainerItemProxy section */
		9334BA2C290CFB2300ED5951 /* PBXContainerItemProxy */ = {
			isa = PBXContainerItemProxy;
			containerPortal = 9334BA13290CFB2200ED5951 /* Project object */;
			proxyType = 1;
			remoteGlobalIDString = 9334BA1A290CFB2200ED5951;
			remoteInfo = Exchange;
		};
		9334BA36290CFB2300ED5951 /* PBXContainerItemProxy */ = {
			isa = PBXContainerItemProxy;
			containerPortal = 9334BA13290CFB2200ED5951 /* Project object */;
			proxyType = 1;
			remoteGlobalIDString = 9334BA1A290CFB2200ED5951;
			remoteInfo = Exchange;
		};
/* End PBXContainerItemProxy section */

/* Begin PBXFileReference section */
		9334BA1B290CFB2200ED5951 /* Exchange.app */ = {isa = PBXFileReference; explicitFileType = wrapper.application; includeInIndex = 0; path = Exchange.app; sourceTree = BUILT_PRODUCTS_DIR; };
		9334BA1E290CFB2200ED5951 /* ExchangeApp.swift */ = {isa = PBXFileReference; lastKnownFileType = sourcecode.swift; path = ExchangeApp.swift; sourceTree = "<group>"; };
		9334BA20290CFB2200ED5951 /* ContentView.swift */ = {isa = PBXFileReference; lastKnownFileType = sourcecode.swift; path = ContentView.swift; sourceTree = "<group>"; };
		9334BA22290CFB2300ED5951 /* Assets.xcassets */ = {isa = PBXFileReference; lastKnownFileType = folder.assetcatalog; path = Assets.xcassets; sourceTree = "<group>"; };
		9334BA25290CFB2300ED5951 /* Preview Assets.xcassets */ = {isa = PBXFileReference; lastKnownFileType = folder.assetcatalog; path = "Preview Assets.xcassets"; sourceTree = "<group>"; };
		9334BA2B290CFB2300ED5951 /* ExchangeTests.xctest */ = {isa = PBXFileReference; explicitFileType = wrapper.cfbundle; includeInIndex = 0; path = ExchangeTests.xctest; sourceTree = BUILT_PRODUCTS_DIR; };
		9334BA2F290CFB2300ED5951 /* ExchangeTests.swift */ = {isa = PBXFileReference; lastKnownFileType = sourcecode.swift; path = ExchangeTests.swift; sourceTree = "<group>"; };
		9334BA35290CFB2300ED5951 /* ExchangeUITests.xctest */ = {isa = PBXFileReference; explicitFileType = wrapper.cfbundle; includeInIndex = 0; path = ExchangeUITests.xctest; sourceTree = BUILT_PRODUCTS_DIR; };
		9334BA39290CFB2300ED5951 /* ExchangeUITests.swift */ = {isa = PBXFileReference; lastKnownFileType = sourcecode.swift; path = ExchangeUITests.swift; sourceTree = "<group>"; };
		9334BA3B290CFB2300ED5951 /* ExchangeUITestsLaunchTests.swift */ = {isa = PBXFileReference; lastKnownFileType = sourcecode.swift; path = ExchangeUITestsLaunchTests.swift; sourceTree = "<group>"; };
/* End PBXFileReference section */

/* Begin PBXFrameworksBuildPhase section */
		9334BA18290CFB2200ED5951 /* Frameworks */ = {
			isa = PBXFrameworksBuildPhase;
			buildActionMask = 2147483647;
			files = (
			);
			runOnlyForDeploymentPostprocessing = 0;
		};
		9334BA28290CFB2300ED5951 /* Frameworks */ = {
			isa = PBXFrameworksBuildPhase;
			buildActionMask = 2147483647;
			files = (
			);
			runOnlyForDeploymentPostprocessing = 0;
		};
		9334BA32290CFB2300ED5951 /* Frameworks */ = {
			isa = PBXFrameworksBuildPhase;
			buildActionMask = 2147483647;
			files = (
			);
			runOnlyForDeploymentPostprocessing = 0;
		};
/* End PBXFrameworksBuildPhase section */

/* Begin PBXGroup section */
		9334BA12290CFB2200ED5951 = {
			isa = PBXGroup;
			children = (
				9334BA1D290CFB2200ED5951 /* Exchange */,
				9334BA2E290CFB2300ED5951 /* ExchangeTests */,
				9334BA38290CFB2300ED5951 /* ExchangeUITests */,
				9334BA1C290CFB2200ED5951 /* Products */,
			);
			sourceTree = "<group>";
		};
		9334BA1C290CFB2200ED5951 /* Products */ = {
			isa = PBXGroup;
			children = (
				9334BA1B290CFB2200ED5951 /* Exchange.app */,
				9334BA2B290CFB2300ED5951 /* ExchangeTests.xctest */,
				9334BA35290CFB2300ED5951 /* ExchangeUITests.xctest */,
			);
			name = Products;
			sourceTree = "<group>";
		};
		9334BA1D290CFB2200ED5951 /* Exchange */ = {
			isa = PBXGroup;
			children = (
				9334BA1E290CFB2200ED5951 /* ExchangeApp.swift */,
				9334BA20290CFB2200ED5951 /* ContentView.swift */,
				9334BA22290CFB2300ED5951 /* Assets.xcassets */,
				9334BA24290CFB2300ED5951 /* Preview Content */,
			);
			path = Exchange;
			sourceTree = "<group>";
		};
		9334BA24290CFB2300ED5951 /* Preview Content */ = {
			isa = PBXGroup;
			children = (
				9334BA25290CFB2300ED5951 /* Preview Assets.xcassets */,
			);
			path = "Preview Content";
			sourceTree = "<group>";
		};
		9334BA2E290CFB2300ED5951 /* ExchangeTests */ = {
			isa = PBXGroup;
			children = (
				9334BA2F290CFB2300ED5951 /* ExchangeTests.swift */,
			);
			path = ExchangeTests;
			sourceTree = "<group>";
		};
		9334BA38290CFB2300ED5951 /* ExchangeUITests */ = {
			isa = PBXGroup;
			children = (
				9334BA39290CFB2300ED5951 /* ExchangeUITests.swift */,
				9334BA3B290CFB2300ED5951 /* ExchangeUITestsLaunchTests.swift */,
			);
			path = ExchangeUITests;
			sourceTree = "<group>";
		};
/* End PBXGroup section */

/* Begin PBXNativeTarget section */
		9334BA1A290CFB2200ED5951 /* Exchange */ = {
			isa = PBXNativeTarget;
			buildConfigurationList = 9334BA3F290CFB2300ED5951 /* Build configuration list for PBXNativeTarget "Exchange" */;
			buildPhases = (
				9334BA17290CFB2200ED5951 /* Sources */,
				9334BA18290CFB2200ED5951 /* Frameworks */,
				9334BA19290CFB2200ED5951 /* Resources */,
			);
			buildRules = (
			);
			dependencies = (
			);
			name = Exchange;
			productName = Exchange;
			productReference = 9334BA1B290CFB2200ED5951 /* Exchange.app */;
			productType = "com.apple.product-type.application";
		};
		9334BA2A290CFB2300ED5951 /* ExchangeTests */ = {
			isa = PBXNativeTarget;
			buildConfigurationList = 9334BA42290CFB2300ED5951 /* Build configuration list for PBXNativeTarget "ExchangeTests" */;
			buildPhases = (
				9334BA27290CFB2300ED5951 /* Sources */,
				9334BA28290CFB2300ED5951 /* Frameworks */,
				9334BA29290CFB2300ED5951 /* Resources */,
			);
			buildRules = (
			);
			dependencies = (
				9334BA2D290CFB2300ED5951 /* PBXTargetDependency */,
			);
			name = ExchangeTests;
			productName = ExchangeTests;
			productReference = 9334BA2B290CFB2300ED5951 /* ExchangeTests.xctest */;
			productType = "com.apple.product-type.bundle.unit-test";
		};
		9334BA34290CFB2300ED5951 /* ExchangeUITests */ = {
			isa = PBXNativeTarget;
			buildConfigurationList = 9334BA45290CFB2300ED5951 /* Build configuration list for PBXNativeTarget "ExchangeUITests" */;
			buildPhases = (
				9334BA31290CFB2300ED5951 /* Sources */,
				9334BA32290CFB2300ED5951 /* Frameworks */,
				9334BA33290CFB2300ED5951 /* Resources */,
			);
			buildRules = (
			);
			dependencies = (
				9334BA37290CFB2300ED5951 /* PBXTargetDependency */,
			);
			name = ExchangeUITests;
			productName = ExchangeUITests;
			productReference = 9334BA35290CFB2300ED5951 /* ExchangeUITests.xctest */;
			productType = "com.apple.product-type.bundle.ui-testing";
		};
/* End PBXNativeTarget section */

/* Begin PBXProject section */
		9334BA13290CFB2200ED5951 /* Project object */ = {
			isa = PBXProject;
			attributes = {
				BuildIndependentTargetsInParallel = 1;
				LastSwiftUpdateCheck = 1400;
				LastUpgradeCheck = 1400;
				TargetAttributes = {
					9334BA1A290CFB2200ED5951 = {
						CreatedOnToolsVersion = 14.0.1;
					};
					9334BA2A290CFB2300ED5951 = {
						CreatedOnToolsVersion = 14.0.1;
						TestTargetID = 9334BA1A290CFB2200ED5951;
					};
					9334BA34290CFB2300ED5951 = {
						CreatedOnToolsVersion = 14.0.1;
						TestTargetID = 9334BA1A290CFB2200ED5951;
					};
				};
			};
			buildConfigurationList = 9334BA16290CFB2200ED5951 /* Build configuration list for PBXProject "Exchange" */;
			compatibilityVersion = "Xcode 14.0";
			developmentRegion = en;
			hasScannedForEncodings = 0;
			knownRegions = (
				en,
				Base,
			);
			mainGroup = 9334BA12290CFB2200ED5951;
			productRefGroup = 9334BA1C290CFB2200ED5951 /* Products */;
			projectDirPath = "";
			projectRoot = "";
			targets = (
				9334BA1A290CFB2200ED5951 /* Exchange */,
				9334BA2A290CFB2300ED5951 /* ExchangeTests */,
				9334BA34290CFB2300ED5951 /* ExchangeUITests */,
			);
		};
/* End PBXProject section */

/* Begin PBXResourcesBuildPhase section */
		9334BA19290CFB2200ED5951 /* Resources */ = {
			isa = PBXResourcesBuildPhase;
			buildActionMask = 2147483647;
			files = (
				9334BA26290CFB2300ED5951 /* Preview Assets.xcassets in Resources */,
				9334BA23290CFB2300ED5951 /* Assets.xcassets in Resources */,
			);
			runOnlyForDeploymentPostprocessing = 0;
		};
		9334BA29290CFB2300ED5951 /* Resources */ = {
			isa = PBXResourcesBuildPhase;
			buildActionMask = 2147483647;
			files = (
			);
			runOnlyForDeploymentPostprocessing = 0;
		};
		9334BA33290CFB2300ED5951 /* Resources */ = {
			isa = PBXResourcesBuildPhase;
			buildActionMask = 2147483647;
			files = (
			);
			runOnlyForDeploymentPostprocessing = 0;
		};
/* End PBXResourcesBuildPhase section */

/* Begin PBXSourcesBuildPhase section */
		9334BA17290CFB2200ED5951 /* Sources */ = {
			isa = PBXSourcesBuildPhase;
			buildActionMask = 2147483647;
			files = (
				9334BA21290CFB2200ED5951 /* ContentView.swift in Sources */,
				9334BA1F290CFB2200ED5951 /* ExchangeApp.swift in Sources */,
			);
			runOnlyForDeploymentPostprocessing = 0;
		};
		9334BA27290CFB2300ED5951 /* Sources */ = {
			isa = PBXSourcesBuildPhase;
			buildActionMask = 2147483647;
			files = (
				9334BA30290CFB2300ED5951 /* ExchangeTests.swift in Sources */,
			);
			runOnlyForDeploymentPostprocessing = 0;
		};
		9334BA31290CFB2300ED5951 /* Sources */ = {
			isa = PBXSourcesBuildPhase;
			buildActionMask = 2147483647;
			files = (
				9334BA3C290CFB2300ED5951 /* ExchangeUITestsLaunchTests.swift in Sources */,
				9334BA3A290CFB2300ED5951 /* ExchangeUITests.swift in Sources */,
			);
			runOnlyForDeploymentPostprocessing = 0;
		};
/* End PBXSourcesBuildPhase section */

/* Begin PBXTargetDependency section */
		9334BA2D290CFB2300ED5951 /* PBXTargetDependency */ = {
			isa = PBXTargetDependency;
			target = 9334BA1A290CFB2200ED5951 /* Exchange */;
			targetProxy = 9334BA2C290CFB2300ED5951 /* PBXContainerItemProxy */;
		};
		9334BA37290CFB2300ED5951 /* PBXTargetDependency */ = {
			isa = PBXTargetDependency;
			target = 9334BA1A290CFB2200ED5951 /* Exchange */;
			targetProxy = 9334BA36290CFB2300ED5951 /* PBXContainerItemProxy */;
		};
/* End PBXTargetDependency section */

/* Begin XCBuildConfiguration section */
		9334BA3D290CFB2300ED5951 /* Debug */ = {
			isa = XCBuildConfiguration;
			buildSettings = {
				ALWAYS_SEARCH_USER_PATHS = NO;
				CLANG_ANALYZER_NONNULL = YES;
				CLANG_ANALYZER_NUMBER_OBJECT_CONVERSION = YES_AGGRESSIVE;
				CLANG_CXX_LANGUAGE_STANDARD = "gnu++20";
				CLANG_ENABLE_MODULES = YES;
				CLANG_ENABLE_OBJC_ARC = YES;
				CLANG_ENABLE_OBJC_WEAK = YES;
				CLANG_WARN_BLOCK_CAPTURE_AUTORELEASING = YES;
				CLANG_WARN_BOOL_CONVERSION = YES;
				CLANG_WARN_COMMA = YES;
				CLANG_WARN_CONSTANT_CONVERSION = YES;
				CLANG_WARN_DEPRECATED_OBJC_IMPLEMENTATIONS = YES;
				CLANG_WARN_DIRECT_OBJC_ISA_USAGE = YES_ERROR;
				CLANG_WARN_DOCUMENTATION_COMMENTS = YES;
				CLANG_WARN_EMPTY_BODY = YES;
				CLANG_WARN_ENUM_CONVERSION = YES;
				CLANG_WARN_INFINITE_RECURSION = YES;
				CLANG_WARN_INT_CONVERSION = YES;
				CLANG_WARN_NON_LITERAL_NULL_CONVERSION = YES;
				CLANG_WARN_OBJC_IMPLICIT_RETAIN_SELF = YES;
				CLANG_WARN_OBJC_LITERAL_CONVERSION = YES;
				CLANG_WARN_OBJC_ROOT_CLASS = YES_ERROR;
				CLANG_WARN_QUOTED_INCLUDE_IN_FRAMEWORK_HEADER = YES;
				CLANG_WARN_RANGE_LOOP_ANALYSIS = YES;
				CLANG_WARN_STRICT_PROTOTYPES = YES;
				CLANG_WARN_SUSPICIOUS_MOVE = YES;
				CLANG_WARN_UNGUARDED_AVAILABILITY = YES_AGGRESSIVE;
				CLANG_WARN_UNREACHABLE_CODE = YES;
				CLANG_WARN__DUPLICATE_METHOD_MATCH = YES;
				COPY_PHASE_STRIP = NO;
				DEBUG_INFORMATION_FORMAT = dwarf;
				ENABLE_STRICT_OBJC_MSGSEND = YES;
				ENABLE_TESTABILITY = YES;
				GCC_C_LANGUAGE_STANDARD = gnu11;
				GCC_DYNAMIC_NO_PIC = NO;
				GCC_NO_COMMON_BLOCKS = YES;
				GCC_OPTIMIZATION_LEVEL = 0;
				GCC_PREPROCESSOR_DEFINITIONS = (
					"DEBUG=1",
					"$(inherited)",
				);
				GCC_WARN_64_TO_32_BIT_CONVERSION = YES;
				GCC_WARN_ABOUT_RETURN_TYPE = YES_ERROR;
				GCC_WARN_UNDECLARED_SELECTOR = YES;
				GCC_WARN_UNINITIALIZED_AUTOS = YES_AGGRESSIVE;
				GCC_WARN_UNUSED_FUNCTION = YES;
				GCC_WARN_UNUSED_VARIABLE = YES;
				IPHONEOS_DEPLOYMENT_TARGET = 16.0;
				MTL_ENABLE_DEBUG_INFO = INCLUDE_SOURCE;
				MTL_FAST_MATH = YES;
				ONLY_ACTIVE_ARCH = YES;
				SDKROOT = iphoneos;
				SWIFT_ACTIVE_COMPILATION_CONDITIONS = DEBUG;
				SWIFT_OPTIMIZATION_LEVEL = "-Onone";
			};
			name = Debug;
		};
		9334BA3E290CFB2300ED5951 /* Release */ = {
			isa = XCBuildConfiguration;
			buildSettings = {
				ALWAYS_SEARCH_USER_PATHS = NO;
				CLANG_ANALYZER_NONNULL = YES;
				CLANG_ANALYZER_NUMBER_OBJECT_CONVERSION = YES_AGGRESSIVE;
				CLANG_CXX_LANGUAGE_STANDARD = "gnu++20";
				CLANG_ENABLE_MODULES = YES;
				CLANG_ENABLE_OBJC_ARC = YES;
				CLANG_ENABLE_OBJC_WEAK = YES;
				CLANG_WARN_BLOCK_CAPTURE_AUTORELEASING = YES;
				CLANG_WARN_BOOL_CONVERSION = YES;
				CLANG_WARN_COMMA = YES;
				CLANG_WARN_CONSTANT_CONVERSION = YES;
				CLANG_WARN_DEPRECATED_OBJC_IMPLEMENTATIONS = YES;
				CLANG_WARN_DIRECT_OBJC_ISA_USAGE = YES_ERROR;
				CLANG_WARN_DOCUMENTATION_COMMENTS = YES;
				CLANG_WARN_EMPTY_BODY = YES;
				CLANG_WARN_ENUM_CONVERSION = YES;
				CLANG_WARN_INFINITE_RECURSION = YES;
				CLANG_WARN_INT_CONVERSION = YES;
				CLANG_WARN_NON_LITERAL_NULL_CONVERSION = YES;
				CLANG_WARN_OBJC_IMPLICIT_RETAIN_SELF = YES;
				CLANG_WARN_OBJC_LITERAL_CONVERSION = YES;
				CLANG_WARN_OBJC_ROOT_CLASS = YES_ERROR;
				CLANG_WARN_QUOTED_INCLUDE_IN_FRAMEWORK_HEADER = YES;
				CLANG_WARN_RANGE_LOOP_ANALYSIS = YES;
				CLANG_WARN_STRICT_PROTOTYPES = YES;
				CLANG_WARN_SUSPICIOUS_MOVE = YES;
				CLANG_WARN_UNGUARDED_AVAILABILITY = YES_AGGRESSIVE;
				CLANG_WARN_UNREACHABLE_CODE = YES;
				CLANG_WARN__DUPLICATE_METHOD_MATCH = YES;
				COPY_PHASE_STRIP = NO;
				DEBUG_INFORMATION_FORMAT = "dwarf-with-dsym";
				ENABLE_NS_ASSERTIONS = NO;
				ENABLE_STRICT_OBJC_MSGSEND = YES;
				GCC_C_LANGUAGE_STANDARD = gnu11;
				GCC_NO_COMMON_BLOCKS = YES;
				GCC_WARN_64_TO_32_BIT_CONVERSION = YES;
				GCC_WARN_ABOUT_RETURN_TYPE = YES_ERROR;
				GCC_WARN_UNDECLARED_SELECTOR = YES;
				GCC_WARN_UNINITIALIZED_AUTOS = YES_AGGRESSIVE;
				GCC_WARN_UNUSED_FUNCTION = YES;
				GCC_WARN_UNUSED_VARIABLE = YES;
				IPHONEOS_DEPLOYMENT_TARGET = 16.0;
				MTL_ENABLE_DEBUG_INFO = NO;
				MTL_FAST_MATH = YES;
				SDKROOT = iphoneos;
				SWIFT_COMPILATION_MODE = wholemodule;
				SWIFT_OPTIMIZATION_LEVEL = "-O";
				VALIDATE_PRODUCT = YES;
			};
			name = Release;
		};
		9334BA40290CFB2300ED5951 /* Debug */ = {
			isa = XCBuildConfiguration;
			buildSettings = {
				ASSETCATALOG_COMPILER_APPICON_NAME = AppIcon;
				ASSETCATALOG_COMPILER_GLOBAL_ACCENT_COLOR_NAME = AccentColor;
				CODE_SIGN_STYLE = Automatic;
				CURRENT_PROJECT_VERSION = 1;
				DEVELOPMENT_ASSET_PATHS = "\"Exchange/Preview Content\"";
				DEVELOPMENT_TEAM = 56V747V83R;
				ENABLE_PREVIEWS = YES;
				GENERATE_INFOPLIST_FILE = YES;
				INFOPLIST_KEY_UIApplicationSceneManifest_Generation = YES;
				INFOPLIST_KEY_UIApplicationSupportsIndirectInputEvents = YES;
				INFOPLIST_KEY_UILaunchScreen_Generation = YES;
				INFOPLIST_KEY_UISupportedInterfaceOrientations_iPad = "UIInterfaceOrientationPortrait UIInterfaceOrientationPortraitUpsideDown UIInterfaceOrientationLandscapeLeft UIInterfaceOrientationLandscapeRight";
				INFOPLIST_KEY_UISupportedInterfaceOrientations_iPhone = "UIInterfaceOrientationPortrait UIInterfaceOrientationLandscapeLeft UIInterfaceOrientationLandscapeRight";
				LD_RUNPATH_SEARCH_PATHS = (
					"$(inherited)",
					"@executable_path/Frameworks",
				);
				MARKETING_VERSION = 1.0;
				PRODUCT_BUNDLE_IDENTIFIER = net.mercen.Exchange;
				PRODUCT_NAME = "$(TARGET_NAME)";
				SWIFT_EMIT_LOC_STRINGS = YES;
				SWIFT_VERSION = 5.0;
				TARGETED_DEVICE_FAMILY = "1,2";
			};
			name = Debug;
		};
		9334BA41290CFB2300ED5951 /* Release */ = {
			isa = XCBuildConfiguration;
			buildSettings = {
				ASSETCATALOG_COMPILER_APPICON_NAME = AppIcon;
				ASSETCATALOG_COMPILER_GLOBAL_ACCENT_COLOR_NAME = AccentColor;
				CODE_SIGN_STYLE = Automatic;
				CURRENT_PROJECT_VERSION = 1;
				DEVELOPMENT_ASSET_PATHS = "\"Exchange/Preview Content\"";
				DEVELOPMENT_TEAM = 56V747V83R;
				ENABLE_PREVIEWS = YES;
				GENERATE_INFOPLIST_FILE = YES;
				INFOPLIST_KEY_UIApplicationSceneManifest_Generation = YES;
				INFOPLIST_KEY_UIApplicationSupportsIndirectInputEvents = YES;
				INFOPLIST_KEY_UILaunchScreen_Generation = YES;
				INFOPLIST_KEY_UISupportedInterfaceOrientations_iPad = "UIInterfaceOrientationPortrait UIInterfaceOrientationPortraitUpsideDown UIInterfaceOrientationLandscapeLeft UIInterfaceOrientationLandscapeRight";
				INFOPLIST_KEY_UISupportedInterfaceOrientations_iPhone = "UIInterfaceOrientationPortrait UIInterfaceOrientationLandscapeLeft UIInterfaceOrientationLandscapeRight";
				LD_RUNPATH_SEARCH_PATHS = (
					"$(inherited)",
					"@executable_path/Frameworks",
				);
				MARKETING_VERSION = 1.0;
				PRODUCT_BUNDLE_IDENTIFIER = net.mercen.Exchange;
				PRODUCT_NAME = "$(TARGET_NAME)";
				SWIFT_EMIT_LOC_STRINGS = YES;
				SWIFT_VERSION = 5.0;
				TARGETED_DEVICE_FAMILY = "1,2";
			};
			name = Release;
		};
		9334BA43290CFB2300ED5951 /* Debug */ = {
			isa = XCBuildConfiguration;
			buildSettings = {
				ALWAYS_EMBED_SWIFT_STANDARD_LIBRARIES = YES;
				BUNDLE_LOADER = "$(TEST_HOST)";
				CODE_SIGN_STYLE = Automatic;
				CURRENT_PROJECT_VERSION = 1;
				DEVELOPMENT_TEAM = 56V747V83R;
				GENERATE_INFOPLIST_FILE = YES;
				IPHONEOS_DEPLOYMENT_TARGET = 16.0;
				MARKETING_VERSION = 1.0;
				PRODUCT_BUNDLE_IDENTIFIER = net.mercen.ExchangeTests;
				PRODUCT_NAME = "$(TARGET_NAME)";
				SWIFT_EMIT_LOC_STRINGS = NO;
				SWIFT_VERSION = 5.0;
				TARGETED_DEVICE_FAMILY = "1,2";
				TEST_HOST = "$(BUILT_PRODUCTS_DIR)/Exchange.app/$(BUNDLE_EXECUTABLE_FOLDER_PATH)/Exchange";
			};
			name = Debug;
		};
		9334BA44290CFB2300ED5951 /* Release */ = {
			isa = XCBuildConfiguration;
			buildSettings = {
				ALWAYS_EMBED_SWIFT_STANDARD_LIBRARIES = YES;
				BUNDLE_LOADER = "$(TEST_HOST)";
				CODE_SIGN_STYLE = Automatic;
				CURRENT_PROJECT_VERSION = 1;
				DEVELOPMENT_TEAM = 56V747V83R;
				GENERATE_INFOPLIST_FILE = YES;
				IPHONEOS_DEPLOYMENT_TARGET = 16.0;
				MARKETING_VERSION = 1.0;
				PRODUCT_BUNDLE_IDENTIFIER = net.mercen.ExchangeTests;
				PRODUCT_NAME = "$(TARGET_NAME)";
				SWIFT_EMIT_LOC_STRINGS = NO;
				SWIFT_VERSION = 5.0;
				TARGETED_DEVICE_FAMILY = "1,2";
				TEST_HOST = "$(BUILT_PRODUCTS_DIR)/Exchange.app/$(BUNDLE_EXECUTABLE_FOLDER_PATH)/Exchange";
			};
			name = Release;
		};
		9334BA46290CFB2300ED5951 /* Debug */ = {
			isa = XCBuildConfiguration;
			buildSettings = {
				ALWAYS_EMBED_SWIFT_STANDARD_LIBRARIES = YES;
				CODE_SIGN_STYLE = Automatic;
				CURRENT_PROJECT_VERSION = 1;
				DEVELOPMENT_TEAM = 56V747V83R;
				GENERATE_INFOPLIST_FILE = YES;
				MARKETING_VERSION = 1.0;
				PRODUCT_BUNDLE_IDENTIFIER = net.mercen.ExchangeUITests;
				PRODUCT_NAME = "$(TARGET_NAME)";
				SWIFT_EMIT_LOC_STRINGS = NO;
				SWIFT_VERSION = 5.0;
				TARGETED_DEVICE_FAMILY = "1,2";
				TEST_TARGET_NAME = Exchange;
			};
			name = Debug;
		};
		9334BA47290CFB2300ED5951 /* Release */ = {
			isa = XCBuildConfiguration;
			buildSettings = {
				ALWAYS_EMBED_SWIFT_STANDARD_LIBRARIES = YES;
				CODE_SIGN_STYLE = Automatic;
				CURRENT_PROJECT_VERSION = 1;
				DEVELOPMENT_TEAM = 56V747V83R;
				GENERATE_INFOPLIST_FILE = YES;
				MARKETING_VERSION = 1.0;
				PRODUCT_BUNDLE_IDENTIFIER = net.mercen.ExchangeUITests;
				PRODUCT_NAME = "$(TARGET_NAME)";
				SWIFT_EMIT_LOC_STRINGS = NO;
				SWIFT_VERSION = 5.0;
				TARGETED_DEVICE_FAMILY = "1,2";
				TEST_TARGET_NAME = Exchange;
			};
			name = Release;
		};
/* End XCBuildConfiguration section */

/* Begin XCConfigurationList section */
		9334BA16290CFB2200ED5951 /* Build configuration list for PBXProject "Exchange" */ = {
			isa = XCConfigurationList;
			buildConfigurations = (
				9334BA3D290CFB2300ED5951 /* Debug */,
				9334BA3E290CFB2300ED5951 /* Release */,
			);
			defaultConfigurationIsVisible = 0;
			defaultConfigurationName = Release;
		};
		9334BA3F290CFB2300ED5951 /* Build configuration list for PBXNativeTarget "Exchange" */ = {
			isa = XCConfigurationList;
			buildConfigurations = (
				9334BA40290CFB2300ED5951 /* Debug */,
				9334BA41290CFB2300ED5951 /* Release */,
			);
			defaultConfigurationIsVisible = 0;
			defaultConfigurationName = Release;
		};
		9334BA42290CFB2300ED5951 /* Build configuration list for PBXNativeTarget "ExchangeTests" */ = {
			isa = XCConfigurationList;
			buildConfigurations = (
				9334BA43290CFB2300ED5951 /* Debug */,
				9334BA44290CFB2300ED5951 /* Release */,
			);
			defaultConfigurationIsVisible = 0;
			defaultConfigurationName = Release;
		};
		9334BA45290CFB2300ED5951 /* Build configuration list for PBXNativeTarget "ExchangeUITests" */ = {
			isa = XCConfigurationList;
			buildConfigurations = (
				9334BA46290CFB2300ED5951 /* Debug */,
				9334BA47290CFB2300ED5951 /* Release */,
			);
			defaultConfigurationIsVisible = 0;
			defaultConfigurationName = Release;
		};
/* End XCConfigurationList section */
	};
	rootObject = 9334BA13290CFB2200ED5951 /* Project object */;
}
